
Microsoft Visual Studio Solution File, Format Version 12.00
# Visual Studio Version 17
VisualStudioVersion = 17.5.33530.505
MinimumVisualStudioVersion = 10.0.40219.1
Project("{FAE04EC0-301F-11D3-BF4B-00C04F79EFBC}") = "ThreadingExample", "ThreadingExample.csproj", "{DFB4A991-A31A-40E2-9B58-5884AA006293}"
EndProject
Global
	GlobalSection(SolutionConfigurationPlatforms) = preSolution
		Debug|Any CPU = Debug|Any CPU
		Release|Any CPU = Release|Any CPU
	EndGlobalSection
	GlobalSection(ProjectConfigurationPlatforms) = postSolution
		{DFB4A991-A31A-40E2-9B58-5884AA006293}.Debug|Any CPU.ActiveCfg = Debug|Any CPU
		{DFB4A991-A31A-40E2-9B58-5884AA006293}.Debug|Any CPU.Build.0 = Debug|Any CPU
		{DFB4A991-A31A-40E2-9B58-5884AA006293}.Release|Any CPU.ActiveCfg = Release|Any CPU
		{DFB4A991-A31A-40E2-9B58-5884AA006293}.Release|Any CPU.Build.0 = Release|Any CPU
	EndGlobalSection
	GlobalSection(SolutionProperties) = preSolution
		HideSolutionNode = FALSE
	EndGlobalSection
	GlobalSection(ExtensibilityGlobals) = postSolution
		SolutionGuid = {B1FD804F-D51F-4051-91A5-C39E00252F3D}
	EndGlobalSection
EndGlobal
