
Microsoft Visual Studio Solution File, Format Version 12.00
# Visual Studio Version 17
VisualStudioVersion = 17.4.33122.133
MinimumVisualStudioVersion = 10.0.40219.1
Project("{FAE04EC0-301F-11D3-BF4B-00C04F79EFBC}") = "WpfApp2", "WpfApp2\WpfApp2.csproj", "{4D84CAE3-85F1-41DA-9508-2A2C859AF121}"
EndProject
Global
	GlobalSection(SolutionConfigurationPlatforms) = preSolution
		Debug|Any CPU = Debug|Any CPU
		Release|Any CPU = Release|Any CPU
	EndGlobalSection
	GlobalSection(ProjectConfigurationPlatforms) = postSolution
		{4D84CAE3-85F1-41DA-9508-2A2C859AF121}.Debug|Any CPU.ActiveCfg = Debug|Any CPU
		{4D84CAE3-85F1-41DA-9508-2A2C859AF121}.Debug|Any CPU.Build.0 = Debug|Any CPU
		{4D84CAE3-85F1-41DA-9508-2A2C859AF121}.Release|Any CPU.ActiveCfg = Release|Any CPU
		{4D84CAE3-85F1-41DA-9508-2A2C859AF121}.Release|Any CPU.Build.0 = Release|Any CPU
	EndGlobalSection
	GlobalSection(SolutionProperties) = preSolution
		HideSolutionNode = FALSE
	EndGlobalSection
	GlobalSection(ExtensibilityGlobals) = postSolution
		SolutionGuid = {2476D0DC-8351-4AB1-8A96-E25800C9851B}
	EndGlobalSection
EndGlobal
