
Microsoft Visual Studio Solution File, Format Version 12.00
# Visual Studio Version 17
VisualStudioVersion = 17.5.33530.505
MinimumVisualStudioVersion = 10.0.40219.1
Project("{FAE04EC0-301F-11D3-BF4B-00C04F79EFBC}") = "demo2wk1cls2", "demo2wk1cls2.csproj", "{D46E8AB8-B583-4471-84DB-BE6DBD01607C}"
EndProject
Global
	GlobalSection(SolutionConfigurationPlatforms) = preSolution
		Debug|Any CPU = Debug|Any CPU
		Release|Any CPU = Release|Any CPU
	EndGlobalSection
	GlobalSection(ProjectConfigurationPlatforms) = postSolution
		{D46E8AB8-B583-4471-84DB-BE6DBD01607C}.Debug|Any CPU.ActiveCfg = Debug|Any CPU
		{D46E8AB8-B583-4471-84DB-BE6DBD01607C}.Debug|Any CPU.Build.0 = Debug|Any CPU
		{D46E8AB8-B583-4471-84DB-BE6DBD01607C}.Release|Any CPU.ActiveCfg = Release|Any CPU
		{D46E8AB8-B583-4471-84DB-BE6DBD01607C}.Release|Any CPU.Build.0 = Release|Any CPU
	EndGlobalSection
	GlobalSection(SolutionProperties) = preSolution
		HideSolutionNode = FALSE
	EndGlobalSection
	GlobalSection(ExtensibilityGlobals) = postSolution
		SolutionGuid = {B642BC91-31F5-4D73-8B38-976FB3EE7268}
	EndGlobalSection
EndGlobal
