
Microsoft Visual Studio Solution File, Format Version 12.00
# Visual Studio Version 17
VisualStudioVersion = 17.4.33122.133
MinimumVisualStudioVersion = 10.0.40219.1
Project("{FAE04EC0-301F-11D3-BF4B-00C04F79EFBC}") = "RestAPIVanDesktopSum2023", "RestAPIVanDesktopSum2023.csproj", "{A613AF63-BFA0-42AA-A451-C78CE3CF3D11}"
EndProject
Global
	GlobalSection(SolutionConfigurationPlatforms) = preSolution
		Debug|Any CPU = Debug|Any CPU
		Release|Any CPU = Release|Any CPU
	EndGlobalSection
	GlobalSection(ProjectConfigurationPlatforms) = postSolution
		{A613AF63-BFA0-42AA-A451-C78CE3CF3D11}.Debug|Any CPU.ActiveCfg = Debug|Any CPU
		{A613AF63-BFA0-42AA-A451-C78CE3CF3D11}.Debug|Any CPU.Build.0 = Debug|Any CPU
		{A613AF63-BFA0-42AA-A451-C78CE3CF3D11}.Release|Any CPU.ActiveCfg = Release|Any CPU
		{A613AF63-BFA0-42AA-A451-C78CE3CF3D11}.Release|Any CPU.Build.0 = Release|Any CPU
	EndGlobalSection
	GlobalSection(SolutionProperties) = preSolution
		HideSolutionNode = FALSE
	EndGlobalSection
	GlobalSection(ExtensibilityGlobals) = postSolution
		SolutionGuid = {886F1BE6-3873-46DB-A1F9-F2AE0E35EF12}
	EndGlobalSection
EndGlobal
